
Microsoft Visual Studio Solution File, Format Version 12.00
# Visual Studio Version 17
VisualStudioVersion = 17.3.32901.215
MinimumVisualStudioVersion = 10.0.40219.1
Project("{9A19103F-16F7-4668-BE54-9A1E7A4F7556}") = "BikeSettings2", "BikeSettings2\BikeSettings2.csproj", "{21CBE9F7-9CAF-4847-AB50-7806104E62F9}"
EndProject
Global
	GlobalSection(SolutionConfigurationPlatforms) = preSolution
		Debug|Any CPU = Debug|Any CPU
		Release|Any CPU = Release|Any CPU
	EndGlobalSection
	GlobalSection(ProjectConfigurationPlatforms) = postSolution
		{21CBE9F7-9CAF-4847-AB50-7806104E62F9}.Debug|Any CPU.ActiveCfg = Debug|Any CPU
		{21CBE9F7-9CAF-4847-AB50-7806104E62F9}.Debug|Any CPU.Build.0 = Debug|Any CPU
		{21CBE9F7-9CAF-4847-AB50-7806104E62F9}.Release|Any CPU.ActiveCfg = Release|Any CPU
		{21CBE9F7-9CAF-4847-AB50-7806104E62F9}.Release|Any CPU.Build.0 = Release|Any CPU
	EndGlobalSection
	GlobalSection(SolutionProperties) = preSolution
		HideSolutionNode = FALSE
	EndGlobalSection
	GlobalSection(ExtensibilityGlobals) = postSolution
		SolutionGuid = {F83A3610-1300-43BB-ADBF-45298382771B}
	EndGlobalSection
EndGlobal
